# This file is autogenerated, do not edit; changes may be undone by the next 'dep ensure'.


[[projects]]
  branch = "master"
  digest = "1:ae3b15f6e12230d8ec8e06549ff000f9616036bb81f381da75eb36d32198da58"
  name = "github.com/mjibson/go-dsp"
  packages = ["dsputils"]
  pruneopts = "UT"
  revision = "11479a337f1259210b7c8f93f7bf2b0cc87b066e"

[solve-meta]
  analyzer-name = "dep"
  analyzer-version = 1
  input-imports = ["github.com/mjibson/go-dsp/dsputils"]
  solver-name = "gps-cdcl"
  solver-version = 1
